
Microsoft Visual Studio Solution File, Format Version 12.00
Project("{FAE04EC0-301F-11D3-BF4B-00C04F79EFBC}") = "Lab1", "Lab1\Lab1.csproj", "{CC5A580F-2890-49AC-9903-0F3AA6BE4FBC}"
EndProject
Project("{FAE04EC0-301F-11D3-BF4B-00C04F79EFBC}") = "Lab1.Tests", "Lab1.Tests\Lab1.Tests.csproj", "{CD2CF7B9-AADE-4065-9B86-E25D0F2B5D02}"
EndProject
Project("{FAE04EC0-301F-11D3-BF4B-00C04F79EFBC}") = "Lab3", "Lab3\Lab3.csproj", "{5471A1FC-238F-4A86-90A1-B4EA3299E0EE}"
EndProject
Global
	GlobalSection(SolutionConfigurationPlatforms) = preSolution
		Debug|Any CPU = Debug|Any CPU
		Release|Any CPU = Release|Any CPU
	EndGlobalSection
	GlobalSection(ProjectConfigurationPlatforms) = postSolution
		{CC5A580F-2890-49AC-9903-0F3AA6BE4FBC}.Debug|Any CPU.ActiveCfg = Debug|Any CPU
		{CC5A580F-2890-49AC-9903-0F3AA6BE4FBC}.Debug|Any CPU.Build.0 = Debug|Any CPU
		{CC5A580F-2890-49AC-9903-0F3AA6BE4FBC}.Release|Any CPU.ActiveCfg = Release|Any CPU
		{CC5A580F-2890-49AC-9903-0F3AA6BE4FBC}.Release|Any CPU.Build.0 = Release|Any CPU
		{CD2CF7B9-AADE-4065-9B86-E25D0F2B5D02}.Debug|Any CPU.ActiveCfg = Debug|Any CPU
		{CD2CF7B9-AADE-4065-9B86-E25D0F2B5D02}.Debug|Any CPU.Build.0 = Debug|Any CPU
		{CD2CF7B9-AADE-4065-9B86-E25D0F2B5D02}.Release|Any CPU.ActiveCfg = Release|Any CPU
		{CD2CF7B9-AADE-4065-9B86-E25D0F2B5D02}.Release|Any CPU.Build.0 = Release|Any CPU
		{5471A1FC-238F-4A86-90A1-B4EA3299E0EE}.Debug|Any CPU.ActiveCfg = Debug|Any CPU
		{5471A1FC-238F-4A86-90A1-B4EA3299E0EE}.Debug|Any CPU.Build.0 = Debug|Any CPU
		{5471A1FC-238F-4A86-90A1-B4EA3299E0EE}.Release|Any CPU.ActiveCfg = Release|Any CPU
		{5471A1FC-238F-4A86-90A1-B4EA3299E0EE}.Release|Any CPU.Build.0 = Release|Any CPU
	EndGlobalSection
EndGlobal
